
Microsoft Visual Studio Solution File, Format Version 12.00
# Visual Studio Version 17
VisualStudioVersion = 17.11.35208.52
MinimumVisualStudioVersion = 10.0.40219.1
Project("{9A19103F-16F7-4668-BE54-9A1E7A4F7556}") = "1_PointExample", "1_PointExample\1_PointExample.csproj", "{C74A607C-EF9C-4373-945E-97BE7CF34F02}"
EndProject
Project("{FAE04EC0-301F-11D3-BF4B-00C04F79EFBC}") = "2_FactoryMethod", "2_FactoryMethod\2_FactoryMethod.csproj", "{1EE886BE-95A1-4A10-A216-BED30CD77D80}"
EndProject
Global
	GlobalSection(SolutionConfigurationPlatforms) = preSolution
		Debug|Any CPU = Debug|Any CPU
		Release|Any CPU = Release|Any CPU
	EndGlobalSection
	GlobalSection(ProjectConfigurationPlatforms) = postSolution
		{C74A607C-EF9C-4373-945E-97BE7CF34F02}.Debug|Any CPU.ActiveCfg = Debug|Any CPU
		{C74A607C-EF9C-4373-945E-97BE7CF34F02}.Debug|Any CPU.Build.0 = Debug|Any CPU
		{C74A607C-EF9C-4373-945E-97BE7CF34F02}.Release|Any CPU.ActiveCfg = Release|Any CPU
		{C74A607C-EF9C-4373-945E-97BE7CF34F02}.Release|Any CPU.Build.0 = Release|Any CPU
		{1EE886BE-95A1-4A10-A216-BED30CD77D80}.Debug|Any CPU.ActiveCfg = Debug|Any CPU
		{1EE886BE-95A1-4A10-A216-BED30CD77D80}.Debug|Any CPU.Build.0 = Debug|Any CPU
		{1EE886BE-95A1-4A10-A216-BED30CD77D80}.Release|Any CPU.ActiveCfg = Release|Any CPU
		{1EE886BE-95A1-4A10-A216-BED30CD77D80}.Release|Any CPU.Build.0 = Release|Any CPU
	EndGlobalSection
	GlobalSection(SolutionProperties) = preSolution
		HideSolutionNode = FALSE
	EndGlobalSection
	GlobalSection(ExtensibilityGlobals) = postSolution
		SolutionGuid = {F426066F-6E2C-4359-80F6-2336408A35D0}
	EndGlobalSection
EndGlobal
