
Microsoft Visual Studio Solution File, Format Version 12.00
# Visual Studio Version 17
VisualStudioVersion = 17.9.34902.65
MinimumVisualStudioVersion = 10.0.40219.1
Project("{FAE04EC0-301F-11D3-BF4B-00C04F79EFBC}") = "NetworkUtility", "NetworkUtility\NetworkUtility.csproj", "{3460EDCA-454C-40E0-AEC5-9AE7DD8BBF82}"
EndProject
Project("{FAE04EC0-301F-11D3-BF4B-00C04F79EFBC}") = "NetworkUtility.Test", "NetworkUtility.Test\NetworkUtility.Test.csproj", "{2851EB8A-A15A-4CF0-9685-2B33337BFE03}"
EndProject
Global
	GlobalSection(SolutionConfigurationPlatforms) = preSolution
		Debug|Any CPU = Debug|Any CPU
		Release|Any CPU = Release|Any CPU
	EndGlobalSection
	GlobalSection(ProjectConfigurationPlatforms) = postSolution
		{3460EDCA-454C-40E0-AEC5-9AE7DD8BBF82}.Debug|Any CPU.ActiveCfg = Debug|Any CPU
		{3460EDCA-454C-40E0-AEC5-9AE7DD8BBF82}.Debug|Any CPU.Build.0 = Debug|Any CPU
		{3460EDCA-454C-40E0-AEC5-9AE7DD8BBF82}.Release|Any CPU.ActiveCfg = Release|Any CPU
		{3460EDCA-454C-40E0-AEC5-9AE7DD8BBF82}.Release|Any CPU.Build.0 = Release|Any CPU
		{2851EB8A-A15A-4CF0-9685-2B33337BFE03}.Debug|Any CPU.ActiveCfg = Debug|Any CPU
		{2851EB8A-A15A-4CF0-9685-2B33337BFE03}.Debug|Any CPU.Build.0 = Debug|Any CPU
		{2851EB8A-A15A-4CF0-9685-2B33337BFE03}.Release|Any CPU.ActiveCfg = Release|Any CPU
		{2851EB8A-A15A-4CF0-9685-2B33337BFE03}.Release|Any CPU.Build.0 = Release|Any CPU
	EndGlobalSection
	GlobalSection(SolutionProperties) = preSolution
		HideSolutionNode = FALSE
	EndGlobalSection
	GlobalSection(ExtensibilityGlobals) = postSolution
		SolutionGuid = {8D30D04A-B84C-4A4B-A474-AEAC873CDDBE}
	EndGlobalSection
EndGlobal
